// !$*UTF8*$!
{
	archiveVersion = 1;
	classes = {
	};
	objectVersion = 46;
	objects = {

/* Begin PBXBuildFile section */
		46BFE42B1912764F00CB85E3 /* Foundation.framework in Frameworks */ = {isa = PBXBuildFile; fileRef = 46BFE42A1912764F00CB85E3 /* Foundation.framework */; };
		46BFE42D1912764F00CB85E3 /* CoreGraphics.framework in Frameworks */ = {isa = PBXBuildFile; fileRef = 46BFE42C1912764F00CB85E3 /* CoreGraphics.framework */; };
		46BFE42F1912764F00CB85E3 /* UIKit.framework in Frameworks */ = {isa = PBXBuildFile; fileRef = 46BFE42E1912764F00CB85E3 /* UIKit.framework */; };
		46BFE4351912764F00CB85E3 /* InfoPlist.strings in Resources */ = {isa = PBXBuildFile; fileRef = 46BFE4331912764F00CB85E3 /* InfoPlist.strings */; };
		46BFE4371912764F00CB85E3 /* main.m in Sources */ = {isa = PBXBuildFile; fileRef = 46BFE4361912764F00CB85E3 /* main.m */; };
		46BFE43B1912764F00CB85E3 /* MHAppDelegate.m in Sources */ = {isa = PBXBuildFile; fileRef = 46BFE43A1912764F00CB85E3 /* MHAppDelegate.m */; };
		46BFE43E1912764F00CB85E3 /* Main.storyboard in Resources */ = {isa = PBXBuildFile; fileRef = 46BFE43C1912764F00CB85E3 /* Main.storyboard */; };
		46BFE4411912764F00CB85E3 /* MHViewController.m in Sources */ = {isa = PBXBuildFile; fileRef = 46BFE4401912764F00CB85E3 /* MHViewController.m */; };
		46BFE4431912764F00CB85E3 /* Images.xcassets in Resources */ = {isa = PBXBuildFile; fileRef = 46BFE4421912764F00CB85E3 /* Images.xcassets */; };
		46BFE44A1912764F00CB85E3 /* XCTest.framework in Frameworks */ = {isa = PBXBuildFile; fileRef = 46BFE4491912764F00CB85E3 /* XCTest.framework */; };
		46BFE44B1912764F00CB85E3 /* Foundation.framework in Frameworks */ = {isa = PBXBuildFile; fileRef = 46BFE42A1912764F00CB85E3 /* Foundation.framework */; };
		46BFE44C1912764F00CB85E3 /* UIKit.framework in Frameworks */ = {isa = PBXBuildFile; fileRef = 46BFE42E1912764F00CB85E3 /* UIKit.framework */; };
		46BFE4541912764F00CB85E3 /* InfoPlist.strings in Resources */ = {isa = PBXBuildFile; fileRef = 46BFE4521912764F00CB85E3 /* InfoPlist.strings */; };
		46BFE4561912764F00CB85E3 /* UIScrollView_Challenge_SolutionTests.m in Sources */ = {isa = PBXBuildFile; fileRef = 46BFE4551912764F00CB85E3 /* UIScrollView_Challenge_SolutionTests.m */; };
		46BFE4601912789300CB85E3 /* worldMap.jpeg in Resources */ = {isa = PBXBuildFile; fileRef = 46BFE45F1912789300CB85E3 /* worldMap.jpeg */; };
/* End PBXBuildFile section */

/* Begin PBXContainerItemProxy section */
		46BFE44D1912764F00CB85E3 /* PBXContainerItemProxy */ = {
			isa = PBXContainerItemProxy;
			containerPortal = 46BFE41F1912764E00CB85E3 /* Project object */;
			proxyType = 1;
			remoteGlobalIDString = 46BFE4261912764E00CB85E3;
			remoteInfo = "UIScrollView Challenge Solution";
		};
/* End PBXContainerItemProxy section */

/* Begin PBXFileReference section */
		46BFE4271912764F00CB85E3 /* UIScrollView Challenge Solution.app */ = {isa = PBXFileReference; explicitFileType = wrapper.application; includeInIndex = 0; path = "UIScrollView Challenge Solution.app"; sourceTree = BUILT_PRODUCTS_DIR; };
		46BFE42A1912764F00CB85E3 /* Foundation.framework */ = {isa = PBXFileReference; lastKnownFileType = wrapper.framework; name = Foundation.framework; path = System/Library/Frameworks/Foundation.framework; sourceTree = SDKROOT; };
		46BFE42C1912764F00CB85E3 /* CoreGraphics.framework */ = {isa = PBXFileReference; lastKnownFileType = wrapper.framework; name = CoreGraphics.framework; path = System/Library/Frameworks/CoreGraphics.framework; sourceTree = SDKROOT; };
		46BFE42E1912764F00CB85E3 /* UIKit.framework */ = {isa = PBXFileReference; lastKnownFileType = wrapper.framework; name = UIKit.framework; path = System/Library/Frameworks/UIKit.framework; sourceTree = SDKROOT; };
		46BFE4321912764F00CB85E3 /* UIScrollView Challenge Solution-Info.plist */ = {isa = PBXFileReference; lastKnownFileType = text.plist.xml; path = "UIScrollView Challenge Solution-Info.plist"; sourceTree = "<group>"; };
		46BFE4341912764F00CB85E3 /* en */ = {isa = PBXFileReference; lastKnownFileType = text.plist.strings; name = en; path = en.lproj/InfoPlist.strings; sourceTree = "<group>"; };
		46BFE4361912764F00CB85E3 /* main.m */ = {isa = PBXFileReference; lastKnownFileType = sourcecode.c.objc; path = main.m; sourceTree = "<group>"; };
		46BFE4381912764F00CB85E3 /* UIScrollView Challenge Solution-Prefix.pch */ = {isa = PBXFileReference; lastKnownFileType = sourcecode.c.h; path = "UIScrollView Challenge Solution-Prefix.pch"; sourceTree = "<group>"; };
		46BFE4391912764F00CB85E3 /* MHAppDelegate.h */ = {isa = PBXFileReference; lastKnownFileType = sourcecode.c.h; path = MHAppDelegate.h; sourceTree = "<group>"; };
		46BFE43A1912764F00CB85E3 /* MHAppDelegate.m */ = {isa = PBXFileReference; lastKnownFileType = sourcecode.c.objc; path = MHAppDelegate.m; sourceTree = "<group>"; };
		46BFE43D1912764F00CB85E3 /* Base */ = {isa = PBXFileReference; lastKnownFileType = file.storyboard; name = Base; path = Base.lproj/Main.storyboard; sourceTree = "<group>"; };
		46BFE43F1912764F00CB85E3 /* MHViewController.h */ = {isa = PBXFileReference; lastKnownFileType = sourcecode.c.h; path = MHViewController.h; sourceTree = "<group>"; };
		46BFE4401912764F00CB85E3 /* MHViewController.m */ = {isa = PBXFileReference; lastKnownFileType = sourcecode.c.objc; path = MHViewController.m; sourceTree = "<group>"; };
		46BFE4421912764F00CB85E3 /* Images.xcassets */ = {isa = PBXFileReference; lastKnownFileType = folder.assetcatalog; path = Images.xcassets; sourceTree = "<group>"; };
		46BFE4481912764F00CB85E3 /* UIScrollView Challenge SolutionTests.xctest */ = {isa = PBXFileReference; explicitFileType = wrapper.cfbundle; includeInIndex = 0; path = "UIScrollView Challenge SolutionTests.xctest"; sourceTree = BUILT_PRODUCTS_DIR; };
		46BFE4491912764F00CB85E3 /* XCTest.framework */ = {isa = PBXFileReference; lastKnownFileType = wrapper.framework; name = XCTest.framework; path = Library/Frameworks/XCTest.framework; sourceTree = DEVELOPER_DIR; };
		46BFE4511912764F00CB85E3 /* UIScrollView Challenge SolutionTests-Info.plist */ = {isa = PBXFileReference; lastKnownFileType = text.plist.xml; path = "UIScrollView Challenge SolutionTests-Info.plist"; sourceTree = "<group>"; };
		46BFE4531912764F00CB85E3 /* en */ = {isa = PBXFileReference; lastKnownFileType = text.plist.strings; name = en; path = en.lproj/InfoPlist.strings; sourceTree = "<group>"; };
		46BFE4551912764F00CB85E3 /* UIScrollView_Challenge_SolutionTests.m */ = {isa = PBXFileReference; lastKnownFileType = sourcecode.c.objc; path = UIScrollView_Challenge_SolutionTests.m; sourceTree = "<group>"; };
		46BFE45F1912789300CB85E3 /* worldMap.jpeg */ = {isa = PBXFileReference; lastKnownFileType = image.jpeg; path = worldMap.jpeg; sourceTree = "<group>"; };
/* End PBXFileReference section */

/* Begin PBXFrameworksBuildPhase section */
		46BFE4241912764E00CB85E3 /* Frameworks */ = {
			isa = PBXFrameworksBuildPhase;
			buildActionMask = 2147483647;
			files = (
				46BFE42D1912764F00CB85E3 /* CoreGraphics.framework in Frameworks */,
				46BFE42F1912764F00CB85E3 /* UIKit.framework in Frameworks */,
				46BFE42B1912764F00CB85E3 /* Foundation.framework in Frameworks */,
			);
			runOnlyForDeploymentPostprocessing = 0;
		};
		46BFE4451912764F00CB85E3 /* Frameworks */ = {
			isa = PBXFrameworksBuildPhase;
			buildActionMask = 2147483647;
			files = (
				46BFE44A1912764F00CB85E3 /* XCTest.framework in Frameworks */,
				46BFE44C1912764F00CB85E3 /* UIKit.framework in Frameworks */,
				46BFE44B1912764F00CB85E3 /* Foundation.framework in Frameworks */,
			);
			runOnlyForDeploymentPostprocessing = 0;
		};
/* End PBXFrameworksBuildPhase section */

/* Begin PBXGroup section */
		46BFE41E1912764E00CB85E3 = {
			isa = PBXGroup;
			children = (
				46BFE4301912764F00CB85E3 /* UIScrollView Challenge Solution */,
				46BFE44F1912764F00CB85E3 /* UIScrollView Challenge SolutionTests */,
				46BFE4291912764F00CB85E3 /* Frameworks */,
				46BFE4281912764F00CB85E3 /* Products */,
			);
			sourceTree = "<group>";
		};
		46BFE4281912764F00CB85E3 /* Products */ = {
			isa = PBXGroup;
			children = (
				46BFE4271912764F00CB85E3 /* UIScrollView Challenge Solution.app */,
				46BFE4481912764F00CB85E3 /* UIScrollView Challenge SolutionTests.xctest */,
			);
			name = Products;
			sourceTree = "<group>";
		};
		46BFE4291912764F00CB85E3 /* Frameworks */ = {
			isa = PBXGroup;
			children = (
				46BFE42A1912764F00CB85E3 /* Foundation.framework */,
				46BFE42C1912764F00CB85E3 /* CoreGraphics.framework */,
				46BFE42E1912764F00CB85E3 /* UIKit.framework */,
				46BFE4491912764F00CB85E3 /* XCTest.framework */,
			);
			name = Frameworks;
			sourceTree = "<group>";
		};
		46BFE4301912764F00CB85E3 /* UIScrollView Challenge Solution */ = {
			isa = PBXGroup;
			children = (
				46BFE4391912764F00CB85E3 /* MHAppDelegate.h */,
				46BFE43A1912764F00CB85E3 /* MHAppDelegate.m */,
				46BFE43C1912764F00CB85E3 /* Main.storyboard */,
				46BFE43F1912764F00CB85E3 /* MHViewController.h */,
				46BFE4401912764F00CB85E3 /* MHViewController.m */,
				46BFE4421912764F00CB85E3 /* Images.xcassets */,
				46BFE4311912764F00CB85E3 /* Supporting Files */,
			);
			path = "UIScrollView Challenge Solution";
			sourceTree = "<group>";
		};
		46BFE4311912764F00CB85E3 /* Supporting Files */ = {
			isa = PBXGroup;
			children = (
				46BFE45F1912789300CB85E3 /* worldMap.jpeg */,
				46BFE4321912764F00CB85E3 /* UIScrollView Challenge Solution-Info.plist */,
				46BFE4331912764F00CB85E3 /* InfoPlist.strings */,
				46BFE4361912764F00CB85E3 /* main.m */,
				46BFE4381912764F00CB85E3 /* UIScrollView Challenge Solution-Prefix.pch */,
			);
			name = "Supporting Files";
			sourceTree = "<group>";
		};
		46BFE44F1912764F00CB85E3 /* UIScrollView Challenge SolutionTests */ = {
			isa = PBXGroup;
			children = (
				46BFE4551912764F00CB85E3 /* UIScrollView_Challenge_SolutionTests.m */,
				46BFE4501912764F00CB85E3 /* Supporting Files */,
			);
			path = "UIScrollView Challenge SolutionTests";
			sourceTree = "<group>";
		};
		46BFE4501912764F00CB85E3 /* Supporting Files */ = {
			isa = PBXGroup;
			children = (
				46BFE4511912764F00CB85E3 /* UIScrollView Challenge SolutionTests-Info.plist */,
				46BFE4521912764F00CB85E3 /* InfoPlist.strings */,
			);
			name = "Supporting Files";
			sourceTree = "<group>";
		};
/* End PBXGroup section */

/* Begin PBXNativeTarget section */
		46BFE4261912764E00CB85E3 /* UIScrollView Challenge Solution */ = {
			isa = PBXNativeTarget;
			buildConfigurationList = 46BFE4591912764F00CB85E3 /* Build configuration list for PBXNativeTarget "UIScrollView Challenge Solution" */;
			buildPhases = (
				46BFE4231912764E00CB85E3 /* Sources */,
				46BFE4241912764E00CB85E3 /* Frameworks */,
				46BFE4251912764E00CB85E3 /* Resources */,
			);
			buildRules = (
			);
			dependencies = (
			);
			name = "UIScrollView Challenge Solution";
			productName = "UIScrollView Challenge Solution";
			productReference = 46BFE4271912764F00CB85E3 /* UIScrollView Challenge Solution.app */;
			productType = "com.apple.product-type.application";
		};
		46BFE4471912764F00CB85E3 /* UIScrollView Challenge SolutionTests */ = {
			isa = PBXNativeTarget;
			buildConfigurationList = 46BFE45C1912764F00CB85E3 /* Build configuration list for PBXNativeTarget "UIScrollView Challenge SolutionTests" */;
			buildPhases = (
				46BFE4441912764F00CB85E3 /* Sources */,
				46BFE4451912764F00CB85E3 /* Frameworks */,
				46BFE4461912764F00CB85E3 /* Resources */,
			);
			buildRules = (
			);
			dependencies = (
				46BFE44E1912764F00CB85E3 /* PBXTargetDependency */,
			);
			name = "UIScrollView Challenge SolutionTests";
			productName = "UIScrollView Challenge SolutionTests";
			productReference = 46BFE4481912764F00CB85E3 /* UIScrollView Challenge SolutionTests.xctest */;
			productType = "com.apple.product-type.bundle.unit-test";
		};
/* End PBXNativeTarget section */

/* Begin PBXProject section */
		46BFE41F1912764E00CB85E3 /* Project object */ = {
			isa = PBXProject;
			attributes = {
				CLASSPREFIX = MH;
				LastUpgradeCheck = 0510;
				ORGANIZATIONNAME = "Mike Hoover";
				TargetAttributes = {
					46BFE4471912764F00CB85E3 = {
						TestTargetID = 46BFE4261912764E00CB85E3;
					};
				};
			};
			buildConfigurationList = 46BFE4221912764E00CB85E3 /* Build configuration list for PBXProject "UIScrollView Challenge Solution" */;
			compatibilityVersion = "Xcode 3.2";
			developmentRegion = English;
			hasScannedForEncodings = 0;
			knownRegions = (
				en,
				Base,
			);
			mainGroup = 46BFE41E1912764E00CB85E3;
			productRefGroup = 46BFE4281912764F00CB85E3 /* Products */;
			projectDirPath = "";
			projectRoot = "";
			targets = (
				46BFE4261912764E00CB85E3 /* UIScrollView Challenge Solution */,
				46BFE4471912764F00CB85E3 /* UIScrollView Challenge SolutionTests */,
			);
		};
/* End PBXProject section */

/* Begin PBXResourcesBuildPhase section */
		46BFE4251912764E00CB85E3 /* Resources */ = {
			isa = PBXResourcesBuildPhase;
			buildActionMask = 2147483647;
			files = (
				46BFE4431912764F00CB85E3 /* Images.xcassets in Resources */,
				46BFE4351912764F00CB85E3 /* InfoPlist.strings in Resources */,
				46BFE43E1912764F00CB85E3 /* Main.storyboard in Resources */,
				46BFE4601912789300CB85E3 /* worldMap.jpeg in Resources */,
			);
			runOnlyForDeploymentPostprocessing = 0;
		};
		46BFE4461912764F00CB85E3 /* Resources */ = {
			isa = PBXResourcesBuildPhase;
			buildActionMask = 2147483647;
			files = (
				46BFE4541912764F00CB85E3 /* InfoPlist.strings in Resources */,
			);
			runOnlyForDeploymentPostprocessing = 0;
		};
/* End PBXResourcesBuildPhase section */

/* Begin PBXSourcesBuildPhase section */
		46BFE4231912764E00CB85E3 /* Sources */ = {
			isa = PBXSourcesBuildPhase;
			buildActionMask = 2147483647;
			files = (
				46BFE4371912764F00CB85E3 /* main.m in Sources */,
				46BFE4411912764F00CB85E3 /* MHViewController.m in Sources */,
				46BFE43B1912764F00CB85E3 /* MHAppDelegate.m in Sources */,
			);
			runOnlyForDeploymentPostprocessing = 0;
		};
		46BFE4441912764F00CB85E3 /* Sources */ = {
			isa = PBXSourcesBuildPhase;
			buildActionMask = 2147483647;
			files = (
				46BFE4561912764F00CB85E3 /* UIScrollView_Challenge_SolutionTests.m in Sources */,
			);
			runOnlyForDeploymentPostprocessing = 0;
		};
/* End PBXSourcesBuildPhase section */

/* Begin PBXTargetDependency section */
		46BFE44E1912764F00CB85E3 /* PBXTargetDependency */ = {
			isa = PBXTargetDependency;
			target = 46BFE4261912764E00CB85E3 /* UIScrollView Challenge Solution */;
			targetProxy = 46BFE44D1912764F00CB85E3 /* PBXContainerItemProxy */;
		};
/* End PBXTargetDependency section */

/* Begin PBXVariantGroup section */
		46BFE4331912764F00CB85E3 /* InfoPlist.strings */ = {
			isa = PBXVariantGroup;
			children = (
				46BFE4341912764F00CB85E3 /* en */,
			);
			name = InfoPlist.strings;
			sourceTree = "<group>";
		};
		46BFE43C1912764F00CB85E3 /* Main.storyboard */ = {
			isa = PBXVariantGroup;
			children = (
				46BFE43D1912764F00CB85E3 /* Base */,
			);
			name = Main.storyboard;
			sourceTree = "<group>";
		};
		46BFE4521912764F00CB85E3 /* InfoPlist.strings */ = {
			isa = PBXVariantGroup;
			children = (
				46BFE4531912764F00CB85E3 /* en */,
			);
			name = InfoPlist.strings;
			sourceTree = "<group>";
		};
/* End PBXVariantGroup section */

/* Begin XCBuildConfiguration section */
		46BFE4571912764F00CB85E3 /* Debug */ = {
			isa = XCBuildConfiguration;
			buildSettings = {
				ALWAYS_SEARCH_USER_PATHS = NO;
				CLANG_CXX_LANGUAGE_STANDARD = "gnu++0x";
				CLANG_CXX_LIBRARY = "libc++";
				CLANG_ENABLE_MODULES = YES;
				CLANG_ENABLE_OBJC_ARC = YES;
				CLANG_WARN_BOOL_CONVERSION = YES;
				CLANG_WARN_CONSTANT_CONVERSION = YES;
				CLANG_WARN_DIRECT_OBJC_ISA_USAGE = YES_ERROR;
				CLANG_WARN_EMPTY_BODY = YES;
				CLANG_WARN_ENUM_CONVERSION = YES;
				CLANG_WARN_INT_CONVERSION = YES;
				CLANG_WARN_OBJC_ROOT_CLASS = YES_ERROR;
				CLANG_WARN__DUPLICATE_METHOD_MATCH = YES;
				"CODE_SIGN_IDENTITY[sdk=iphoneos*]" = "iPhone Developer";
				COPY_PHASE_STRIP = NO;
				GCC_C_LANGUAGE_STANDARD = gnu99;
				GCC_DYNAMIC_NO_PIC = NO;
				GCC_OPTIMIZATION_LEVEL = 0;
				GCC_PREPROCESSOR_DEFINITIONS = (
					"DEBUG=1",
					"$(inherited)",
				);
				GCC_SYMBOLS_PRIVATE_EXTERN = NO;
				GCC_WARN_64_TO_32_BIT_CONVERSION = YES;
				GCC_WARN_ABOUT_RETURN_TYPE = YES_ERROR;
				GCC_WARN_UNDECLARED_SELECTOR = YES;
				GCC_WARN_UNINITIALIZED_AUTOS = YES_AGGRESSIVE;
				GCC_WARN_UNUSED_FUNCTION = YES;
				GCC_WARN_UNUSED_VARIABLE = YES;
				IPHONEOS_DEPLOYMENT_TARGET = 7.1;
				ONLY_ACTIVE_ARCH = YES;
				SDKROOT = iphoneos;
			};
			name = Debug;
		};
		46BFE4581912764F00CB85E3 /* Release */ = {
			isa = XCBuildConfiguration;
			buildSettings = {
				ALWAYS_SEARCH_USER_PATHS = NO;
				CLANG_CXX_LANGUAGE_STANDARD = "gnu++0x";
				CLANG_CXX_LIBRARY = "libc++";
				CLANG_ENABLE_MODULES = YES;
				CLANG_ENABLE_OBJC_ARC = YES;
				CLANG_WARN_BOOL_CONVERSION = YES;
				CLANG_WARN_CONSTANT_CONVERSION = YES;
				CLANG_WARN_DIRECT_OBJC_ISA_USAGE = YES_ERROR;
				CLANG_WARN_EMPTY_BODY = YES;
				CLANG_WARN_ENUM_CONVERSION = YES;
				CLANG_WARN_INT_CONVERSION = YES;
				CLANG_WARN_OBJC_ROOT_CLASS = YES_ERROR;
				CLANG_WARN__DUPLICATE_METHOD_MATCH = YES;
				"CODE_SIGN_IDENTITY[sdk=iphoneos*]" = "iPhone Developer";
				COPY_PHASE_STRIP = YES;
				ENABLE_NS_ASSERTIONS = NO;
				GCC_C_LANGUAGE_STANDARD = gnu99;
				GCC_WARN_64_TO_32_BIT_CONVERSION = YES;
				GCC_WARN_ABOUT_RETURN_TYPE = YES_ERROR;
				GCC_WARN_UNDECLARED_SELECTOR = YES;
				GCC_WARN_UNINITIALIZED_AUTOS = YES_AGGRESSIVE;
				GCC_WARN_UNUSED_FUNCTION = YES;
				GCC_WARN_UNUSED_VARIABLE = YES;
				IPHONEOS_DEPLOYMENT_TARGET = 7.1;
				SDKROOT = iphoneos;
				VALIDATE_PRODUCT = YES;
			};
			name = Release;
		};
		46BFE45A1912764F00CB85E3 /* Debug */ = {
			isa = XCBuildConfiguration;
			buildSettings = {
				ASSETCATALOG_COMPILER_APPICON_NAME = AppIcon;
				ASSETCATALOG_COMPILER_LAUNCHIMAGE_NAME = LaunchImage;
				GCC_PRECOMPILE_PREFIX_HEADER = YES;
				GCC_PREFIX_HEADER = "UIScrollView Challenge Solution/UIScrollView Challenge Solution-Prefix.pch";
				INFOPLIST_FILE = "UIScrollView Challenge Solution/UIScrollView Challenge Solution-Info.plist";
				PRODUCT_NAME = "$(TARGET_NAME)";
				WRAPPER_EXTENSION = app;
			};
			name = Debug;
		};
		46BFE45B1912764F00CB85E3 /* Release */ = {
			isa = XCBuildConfiguration;
			buildSettings = {
				ASSETCATALOG_COMPILER_APPICON_NAME = AppIcon;
				ASSETCATALOG_COMPILER_LAUNCHIMAGE_NAME = LaunchImage;
				GCC_PRECOMPILE_PREFIX_HEADER = YES;
				GCC_PREFIX_HEADER = "UIScrollView Challenge Solution/UIScrollView Challenge Solution-Prefix.pch";
				INFOPLIST_FILE = "UIScrollView Challenge Solution/UIScrollView Challenge Solution-Info.plist";
				PRODUCT_NAME = "$(TARGET_NAME)";
				WRAPPER_EXTENSION = app;
			};
			name = Release;
		};
		46BFE45D1912764F00CB85E3 /* Debug */ = {
			isa = XCBuildConfiguration;
			buildSettings = {
				BUNDLE_LOADER = "$(BUILT_PRODUCTS_DIR)/UIScrollView Challenge Solution.app/UIScrollView Challenge Solution";
				FRAMEWORK_SEARCH_PATHS = (
					"$(SDKROOT)/Developer/Library/Frameworks",
					"$(inherited)",
					"$(DEVELOPER_FRAMEWORKS_DIR)",
				);
				GCC_PRECOMPILE_PREFIX_HEADER = YES;
				GCC_PREFIX_HEADER = "UIScrollView Challenge Solution/UIScrollView Challenge Solution-Prefix.pch";
				GCC_PREPROCESSOR_DEFINITIONS = (
					"DEBUG=1",
					"$(inherited)",
				);
				INFOPLIST_FILE = "UIScrollView Challenge SolutionTests/UIScrollView Challenge SolutionTests-Info.plist";
				PRODUCT_NAME = "$(TARGET_NAME)";
				TEST_HOST = "$(BUNDLE_LOADER)";
				WRAPPER_EXTENSION = xctest;
			};
			name = Debug;
		};
		46BFE45E1912764F00CB85E3 /* Release */ = {
			isa = XCBuildConfiguration;
			buildSettings = {
				BUNDLE_LOADER = "$(BUILT_PRODUCTS_DIR)/UIScrollView Challenge Solution.app/UIScrollView Challenge Solution";
				FRAMEWORK_SEARCH_PATHS = (
					"$(SDKROOT)/Developer/Library/Frameworks",
					"$(inherited)",
					"$(DEVELOPER_FRAMEWORKS_DIR)",
				);
				GCC_PRECOMPILE_PREFIX_HEADER = YES;
				GCC_PREFIX_HEADER = "UIScrollView Challenge Solution/UIScrollView Challenge Solution-Prefix.pch";
				INFOPLIST_FILE = "UIScrollView Challenge SolutionTests/UIScrollView Challenge SolutionTests-Info.plist";
				PRODUCT_NAME = "$(TARGET_NAME)";
				TEST_HOST = "$(BUNDLE_LOADER)";
				WRAPPER_EXTENSION = xctest;
			};
			name = Release;
		};
/* End XCBuildConfiguration section */

/* Begin XCConfigurationList section */
		46BFE4221912764E00CB85E3 /* Build configuration list for PBXProject "UIScrollView Challenge Solution" */ = {
			isa = XCConfigurationList;
			buildConfigurations = (
				46BFE4571912764F00CB85E3 /* Debug */,
				46BFE4581912764F00CB85E3 /* Release */,
			);
			defaultConfigurationIsVisible = 0;
			defaultConfigurationName = Release;
		};
		46BFE4591912764F00CB85E3 /* Build configuration list for PBXNativeTarget "UIScrollView Challenge Solution" */ = {
			isa = XCConfigurationList;
			buildConfigurations = (
				46BFE45A1912764F00CB85E3 /* Debug */,
				46BFE45B1912764F00CB85E3 /* Release */,
			);
			defaultConfigurationIsVisible = 0;
			defaultConfigurationName = Release;
		};
		46BFE45C1912764F00CB85E3 /* Build configuration list for PBXNativeTarget "UIScrollView Challenge SolutionTests" */ = {
			isa = XCConfigurationList;
			buildConfigurations = (
				46BFE45D1912764F00CB85E3 /* Debug */,
				46BFE45E1912764F00CB85E3 /* Release */,
			);
			defaultConfigurationIsVisible = 0;
			defaultConfigurationName = Release;
		};
/* End XCConfigurationList section */
	};
	rootObject = 46BFE41F1912764E00CB85E3 /* Project object */;
}
